# This file is automatically @generated by Cargo.
# It is not intended for manual editing.
version = 4

[[package]]
name = "lumen-capi"
version = "0.1.0"
dependencies = [
 "lumen-proto",
 "lumen-vm",
]

[[package]]
name = "lumen-esp8266"
version = "0.1.0"
dependencies = [
 "lumen-capi",
]

[[package]]
name = "lumen-proto"
version = "0.1.0"

[[package]]
name = "lumen-vm"
version = "0.1.0"
